
Microsoft Visual Studio Solution File, Format Version 12.00
# Visual Studio 15
VisualStudioVersion = 15.0.26730.12
MinimumVisualStudioVersion = 10.0.40219.1
Project("{FAE04EC0-301F-11D3-BF4B-00C04F79EFBC}") = "Malam.Digital.BaseWebApi", "Malam.Digital.BaseWebApi\Malam.Digital.BaseWebApi.csproj", "{52DCF697-3C36-4B71-AE36-F850EAA769BF}"
EndProject
Project("{FAE04EC0-301F-11D3-BF4B-00C04F79EFBC}") = "Malam.Digital.Base.Bll", "Malam.Digital.Base.Bll\Malam.Digital.Base.Bll.csproj", "{FEB548D6-DE69-423E-8F7D-8527765AEE3D}"
EndProject
Project("{9A19103F-16F7-4668-BE54-9A1E7A4F7556}") = "Malam.Digital.Base.Entities", "Malam.Digital.Base.Entities\Malam.Digital.Base.Entities.csproj", "{CC81B40C-C498-4310-801B-86F291935F37}"
EndProject
Global
	GlobalSection(SolutionConfigurationPlatforms) = preSolution
		Debug|Any CPU = Debug|Any CPU
		Release|Any CPU = Release|Any CPU
	EndGlobalSection
	GlobalSection(ProjectConfigurationPlatforms) = postSolution
		{52DCF697-3C36-4B71-AE36-F850EAA769BF}.Debug|Any CPU.ActiveCfg = Debug|Any CPU
		{52DCF697-3C36-4B71-AE36-F850EAA769BF}.Debug|Any CPU.Build.0 = Debug|Any CPU
		{52DCF697-3C36-4B71-AE36-F850EAA769BF}.Release|Any CPU.ActiveCfg = Release|Any CPU
		{52DCF697-3C36-4B71-AE36-F850EAA769BF}.Release|Any CPU.Build.0 = Release|Any CPU
		{FEB548D6-DE69-423E-8F7D-8527765AEE3D}.Debug|Any CPU.ActiveCfg = Debug|Any CPU
		{FEB548D6-DE69-423E-8F7D-8527765AEE3D}.Debug|Any CPU.Build.0 = Debug|Any CPU
		{FEB548D6-DE69-423E-8F7D-8527765AEE3D}.Release|Any CPU.ActiveCfg = Release|Any CPU
		{FEB548D6-DE69-423E-8F7D-8527765AEE3D}.Release|Any CPU.Build.0 = Release|Any CPU
		{CC81B40C-C498-4310-801B-86F291935F37}.Debug|Any CPU.ActiveCfg = Debug|Any CPU
		{CC81B40C-C498-4310-801B-86F291935F37}.Debug|Any CPU.Build.0 = Debug|Any CPU
		{CC81B40C-C498-4310-801B-86F291935F37}.Release|Any CPU.ActiveCfg = Release|Any CPU
		{CC81B40C-C498-4310-801B-86F291935F37}.Release|Any CPU.Build.0 = Release|Any CPU
	EndGlobalSection
	GlobalSection(SolutionProperties) = preSolution
		HideSolutionNode = FALSE
	EndGlobalSection
	GlobalSection(ExtensibilityGlobals) = postSolution
		SolutionGuid = {4BAD0F22-0954-459D-8B06-3AA107B4E91D}
	EndGlobalSection
EndGlobal
